// !$*UTF8*$!
{
	archiveVersion = 1;
	classes = {
	};
	objectVersion = 55;
	objects = {

/* Begin PBXBuildFile section */
		204AF3ABCEB1DF26224247AA /* Pods_Core_Animation.framework in Frameworks */ = {isa = PBXBuildFile; fileRef = 074DC18B5D4B8755C52C65F6 /* Pods_Core_Animation.framework */; };
		5701B6CA28957DB50045F1A4 /* LineChartViewController.swift in Sources */ = {isa = PBXBuildFile; fileRef = 5701B6C928957DB50045F1A4 /* LineChartViewController.swift */; };
		5701B6CC2896A1110045F1A4 /* RadialChartViewController.swift in Sources */ = {isa = PBXBuildFile; fileRef = 5701B6CB2896A1100045F1A4 /* RadialChartViewController.swift */; };
		5701B6D32896A2030045F1A4 /* Player.swift in Sources */ = {isa = PBXBuildFile; fileRef = 5701B6D22896A2030045F1A4 /* Player.swift */; };
		5701B6D9289704980045F1A4 /* CGRect CGPoint.swift in Sources */ = {isa = PBXBuildFile; fileRef = 5701B6D8289704980045F1A4 /* CGRect CGPoint.swift */; };
		576CB58A289937F1007E8DEE /* CanvasView.swift in Sources */ = {isa = PBXBuildFile; fileRef = 576CB589289937F1007E8DEE /* CanvasView.swift */; };
		57926237289528AD005C69EE /* AppDelegate.swift in Sources */ = {isa = PBXBuildFile; fileRef = 57926236289528AD005C69EE /* AppDelegate.swift */; };
		57926239289528AD005C69EE /* SceneDelegate.swift in Sources */ = {isa = PBXBuildFile; fileRef = 57926238289528AD005C69EE /* SceneDelegate.swift */; };
		5792623B289528AD005C69EE /* CounterViewController.swift in Sources */ = {isa = PBXBuildFile; fileRef = 5792623A289528AD005C69EE /* CounterViewController.swift */; };
		5792623E289528AD005C69EE /* Main.storyboard in Resources */ = {isa = PBXBuildFile; fileRef = 5792623C289528AD005C69EE /* Main.storyboard */; };
		57926240289528AE005C69EE /* Assets.xcassets in Resources */ = {isa = PBXBuildFile; fileRef = 5792623F289528AE005C69EE /* Assets.xcassets */; };
		57926243289528AE005C69EE /* LaunchScreen.storyboard in Resources */ = {isa = PBXBuildFile; fileRef = 57926241289528AE005C69EE /* LaunchScreen.storyboard */; };
		5797507E2899154B0038E444 /* SparkParticlesViewController.swift in Sources */ = {isa = PBXBuildFile; fileRef = 5797507D2899154B0038E444 /* SparkParticlesViewController.swift */; };
		57FEA3EA2899A34E001EE559 /* StretchBallViewController.swift in Sources */ = {isa = PBXBuildFile; fileRef = 57FEA3E92899A34E001EE559 /* StretchBallViewController.swift */; };
		57FEA3EC2899A6B6001EE559 /* File.swift in Sources */ = {isa = PBXBuildFile; fileRef = 57FEA3EB2899A6B6001EE559 /* File.swift */; };
/* End PBXBuildFile section */

/* Begin PBXFileReference section */
		074DC18B5D4B8755C52C65F6 /* Pods_Core_Animation.framework */ = {isa = PBXFileReference; explicitFileType = wrapper.framework; includeInIndex = 0; path = Pods_Core_Animation.framework; sourceTree = BUILT_PRODUCTS_DIR; };
		0B5CDCB59CCD44F297925F45 /* Pods-Core Animation.release.xcconfig */ = {isa = PBXFileReference; includeInIndex = 1; lastKnownFileType = text.xcconfig; name = "Pods-Core Animation.release.xcconfig"; path = "Target Support Files/Pods-Core Animation/Pods-Core Animation.release.xcconfig"; sourceTree = "<group>"; };
		5701B6C928957DB50045F1A4 /* LineChartViewController.swift */ = {isa = PBXFileReference; lastKnownFileType = sourcecode.swift; path = LineChartViewController.swift; sourceTree = "<group>"; };
		5701B6CB2896A1100045F1A4 /* RadialChartViewController.swift */ = {isa = PBXFileReference; lastKnownFileType = sourcecode.swift; path = RadialChartViewController.swift; sourceTree = "<group>"; };
		5701B6D22896A2030045F1A4 /* Player.swift */ = {isa = PBXFileReference; lastKnownFileType = sourcecode.swift; path = Player.swift; sourceTree = "<group>"; };
		5701B6D8289704980045F1A4 /* CGRect CGPoint.swift */ = {isa = PBXFileReference; lastKnownFileType = sourcecode.swift; path = "CGRect CGPoint.swift"; sourceTree = "<group>"; };
		576CB589289937F1007E8DEE /* CanvasView.swift */ = {isa = PBXFileReference; lastKnownFileType = sourcecode.swift; path = CanvasView.swift; sourceTree = "<group>"; };
		57926233289528AD005C69EE /* Core Animation.app */ = {isa = PBXFileReference; explicitFileType = wrapper.application; includeInIndex = 0; path = "Core Animation.app"; sourceTree = BUILT_PRODUCTS_DIR; };
		57926236289528AD005C69EE /* AppDelegate.swift */ = {isa = PBXFileReference; lastKnownFileType = sourcecode.swift; path = AppDelegate.swift; sourceTree = "<group>"; };
		57926238289528AD005C69EE /* SceneDelegate.swift */ = {isa = PBXFileReference; lastKnownFileType = sourcecode.swift; path = SceneDelegate.swift; sourceTree = "<group>"; };
		5792623A289528AD005C69EE /* CounterViewController.swift */ = {isa = PBXFileReference; lastKnownFileType = sourcecode.swift; path = CounterViewController.swift; sourceTree = "<group>"; };
		5792623D289528AD005C69EE /* Base */ = {isa = PBXFileReference; lastKnownFileType = file.storyboard; name = Base; path = Base.lproj/Main.storyboard; sourceTree = "<group>"; };
		5792623F289528AE005C69EE /* Assets.xcassets */ = {isa = PBXFileReference; lastKnownFileType = folder.assetcatalog; path = Assets.xcassets; sourceTree = "<group>"; };
		57926242289528AE005C69EE /* Base */ = {isa = PBXFileReference; lastKnownFileType = file.storyboard; name = Base; path = Base.lproj/LaunchScreen.storyboard; sourceTree = "<group>"; };
		57926244289528AE005C69EE /* Info.plist */ = {isa = PBXFileReference; lastKnownFileType = text.plist.xml; path = Info.plist; sourceTree = "<group>"; };
		5797507D2899154B0038E444 /* SparkParticlesViewController.swift */ = {isa = PBXFileReference; lastKnownFileType = sourcecode.swift; path = SparkParticlesViewController.swift; sourceTree = "<group>"; };
		57FEA3E92899A34E001EE559 /* StretchBallViewController.swift */ = {isa = PBXFileReference; lastKnownFileType = sourcecode.swift; path = StretchBallViewController.swift; sourceTree = "<group>"; };
		57FEA3EB2899A6B6001EE559 /* File.swift */ = {isa = PBXFileReference; lastKnownFileType = sourcecode.swift; path = File.swift; sourceTree = "<group>"; };
		ACB3EE1E739B43F8B8B76523 /* Pods-Core Animation.debug.xcconfig */ = {isa = PBXFileReference; includeInIndex = 1; lastKnownFileType = text.xcconfig; name = "Pods-Core Animation.debug.xcconfig"; path = "Target Support Files/Pods-Core Animation/Pods-Core Animation.debug.xcconfig"; sourceTree = "<group>"; };
/* End PBXFileReference section */

/* Begin PBXFrameworksBuildPhase section */
		57926230289528AD005C69EE /* Frameworks */ = {
			isa = PBXFrameworksBuildPhase;
			buildActionMask = 2147483647;
			files = (
				204AF3ABCEB1DF26224247AA /* Pods_Core_Animation.framework in Frameworks */,
			);
			runOnlyForDeploymentPostprocessing = 0;
		};
/* End PBXFrameworksBuildPhase section */

/* Begin PBXGroup section */
		5701B6CD2896A1B30045F1A4 /* CounterScreen */ = {
			isa = PBXGroup;
			children = (
				5792623A289528AD005C69EE /* CounterViewController.swift */,
			);
			path = CounterScreen;
			sourceTree = "<group>";
		};
		5701B6CE2896A1C00045F1A4 /* LineChartScreen */ = {
			isa = PBXGroup;
			children = (
				5701B6C928957DB50045F1A4 /* LineChartViewController.swift */,
			);
			path = LineChartScreen;
			sourceTree = "<group>";
		};
		5701B6CF2896A1D20045F1A4 /* RadialChartScreen */ = {
			isa = PBXGroup;
			children = (
				5701B6D12896A1F10045F1A4 /* Models */,
				5701B6D02896A1E40045F1A4 /* ViewControllers */,
			);
			path = RadialChartScreen;
			sourceTree = "<group>";
		};
		5701B6D02896A1E40045F1A4 /* ViewControllers */ = {
			isa = PBXGroup;
			children = (
				5701B6CB2896A1100045F1A4 /* RadialChartViewController.swift */,
			);
			path = ViewControllers;
			sourceTree = "<group>";
		};
		5701B6D12896A1F10045F1A4 /* Models */ = {
			isa = PBXGroup;
			children = (
				5701B6D22896A2030045F1A4 /* Player.swift */,
			);
			path = Models;
			sourceTree = "<group>";
		};
		5701B6D4289703EE0045F1A4 /* Extensions */ = {
			isa = PBXGroup;
			children = (
				5701B6D8289704980045F1A4 /* CGRect CGPoint.swift */,
			);
			path = Extensions;
			sourceTree = "<group>";
		};
		5701B6D5289704000045F1A4 /* Storyboards */ = {
			isa = PBXGroup;
			children = (
				5792623C289528AD005C69EE /* Main.storyboard */,
				57926241289528AE005C69EE /* LaunchScreen.storyboard */,
			);
			path = Storyboards;
			sourceTree = "<group>";
		};
		5701B6D6289704130045F1A4 /* SupportingFiles */ = {
			isa = PBXGroup;
			children = (
				57926236289528AD005C69EE /* AppDelegate.swift */,
				57926238289528AD005C69EE /* SceneDelegate.swift */,
				57926244289528AE005C69EE /* Info.plist */,
			);
			path = SupportingFiles;
			sourceTree = "<group>";
		};
		5701B6D7289704200045F1A4 /* Resources */ = {
			isa = PBXGroup;
			children = (
				5792623F289528AE005C69EE /* Assets.xcassets */,
			);
			path = Resources;
			sourceTree = "<group>";
		};
		5792622A289528AD005C69EE = {
			isa = PBXGroup;
			children = (
				57926235289528AD005C69EE /* Core Animation */,
				57926234289528AD005C69EE /* Products */,
				C25687A7F2282BF2BCCFA3DD /* Pods */,
				8AE8C647CE995613986F39FB /* Frameworks */,
			);
			sourceTree = "<group>";
		};
		57926234289528AD005C69EE /* Products */ = {
			isa = PBXGroup;
			children = (
				57926233289528AD005C69EE /* Core Animation.app */,
			);
			name = Products;
			sourceTree = "<group>";
		};
		57926235289528AD005C69EE /* Core Animation */ = {
			isa = PBXGroup;
			children = (
				5701B6D6289704130045F1A4 /* SupportingFiles */,
				5701B6CD2896A1B30045F1A4 /* CounterScreen */,
				5701B6CE2896A1C00045F1A4 /* LineChartScreen */,
				5701B6CF2896A1D20045F1A4 /* RadialChartScreen */,
				5797507C289915320038E444 /* SparkScreen */,
				57FEA3E82899A2C0001EE559 /* StretchBallScreen */,
				5701B6D4289703EE0045F1A4 /* Extensions */,
				5701B6D5289704000045F1A4 /* Storyboards */,
				5701B6D7289704200045F1A4 /* Resources */,
			);
			path = "Core Animation";
			sourceTree = "<group>";
		};
		5797507C289915320038E444 /* SparkScreen */ = {
			isa = PBXGroup;
			children = (
				5797507D2899154B0038E444 /* SparkParticlesViewController.swift */,
				576CB589289937F1007E8DEE /* CanvasView.swift */,
			);
			path = SparkScreen;
			sourceTree = "<group>";
		};
		57FEA3E82899A2C0001EE559 /* StretchBallScreen */ = {
			isa = PBXGroup;
			children = (
				57FEA3E92899A34E001EE559 /* StretchBallViewController.swift */,
				57FEA3EB2899A6B6001EE559 /* File.swift */,
			);
			path = StretchBallScreen;
			sourceTree = "<group>";
		};
		8AE8C647CE995613986F39FB /* Frameworks */ = {
			isa = PBXGroup;
			children = (
				074DC18B5D4B8755C52C65F6 /* Pods_Core_Animation.framework */,
			);
			name = Frameworks;
			sourceTree = "<group>";
		};
		C25687A7F2282BF2BCCFA3DD /* Pods */ = {
			isa = PBXGroup;
			children = (
				ACB3EE1E739B43F8B8B76523 /* Pods-Core Animation.debug.xcconfig */,
				0B5CDCB59CCD44F297925F45 /* Pods-Core Animation.release.xcconfig */,
			);
			path = Pods;
			sourceTree = "<group>";
		};
/* End PBXGroup section */

/* Begin PBXNativeTarget section */
		57926232289528AD005C69EE /* Core Animation */ = {
			isa = PBXNativeTarget;
			buildConfigurationList = 57926247289528AE005C69EE /* Build configuration list for PBXNativeTarget "Core Animation" */;
			buildPhases = (
				ACAC2409F50B33012ACE43AE /* [CP] Check Pods Manifest.lock */,
				5792622F289528AD005C69EE /* Sources */,
				57926230289528AD005C69EE /* Frameworks */,
				57926231289528AD005C69EE /* Resources */,
				5781E1SWIFTLINT8001842E1 /* ShellScript */,
			);
			buildRules = (
			);
			dependencies = (
			);
			name = "Core Animation";
			productName = "Core Animation";
			productReference = 57926233289528AD005C69EE /* Core Animation.app */;
			productType = "com.apple.product-type.application";
		};
/* End PBXNativeTarget section */

/* Begin PBXProject section */
		5792622B289528AD005C69EE /* Project object */ = {
			isa = PBXProject;
			attributes = {
				BuildIndependentTargetsInParallel = 1;
				LastSwiftUpdateCheck = 1340;
				LastUpgradeCheck = 1340;
				TargetAttributes = {
					57926232289528AD005C69EE = {
						CreatedOnToolsVersion = 13.4;
					};
				};
			};
			buildConfigurationList = 5792622E289528AD005C69EE /* Build configuration list for PBXProject "Core Animation" */;
			compatibilityVersion = "Xcode 13.0";
			developmentRegion = en;
			hasScannedForEncodings = 0;
			knownRegions = (
				en,
				Base,
			);
			mainGroup = 5792622A289528AD005C69EE;
			productRefGroup = 57926234289528AD005C69EE /* Products */;
			projectDirPath = "";
			projectRoot = "";
			targets = (
				57926232289528AD005C69EE /* Core Animation */,
			);
		};
/* End PBXProject section */

/* Begin PBXResourcesBuildPhase section */
		57926231289528AD005C69EE /* Resources */ = {
			isa = PBXResourcesBuildPhase;
			buildActionMask = 2147483647;
			files = (
				57926243289528AE005C69EE /* LaunchScreen.storyboard in Resources */,
				57926240289528AE005C69EE /* Assets.xcassets in Resources */,
				5792623E289528AD005C69EE /* Main.storyboard in Resources */,
			);
			runOnlyForDeploymentPostprocessing = 0;
		};
/* End PBXResourcesBuildPhase section */

/* Begin PBXShellScriptBuildPhase section */
		5781E1SWIFTLINT8001842E1 /* ShellScript */ = {
			isa = PBXShellScriptBuildPhase;
			buildActionMask = 2147483647;
			files = (
			);
			inputFileListPaths = (
			);
			inputPaths = (
			);
			outputFileListPaths = (
			);
			outputPaths = (
			);
			runOnlyForDeploymentPostprocessing = 0;
			shellPath = /bin/sh;
			shellScript = "\"${PODS_ROOT}/SwiftLint/swiftlint\"\n";
		};
		ACAC2409F50B33012ACE43AE /* [CP] Check Pods Manifest.lock */ = {
			isa = PBXShellScriptBuildPhase;
			buildActionMask = 2147483647;
			files = (
			);
			inputFileListPaths = (
			);
			inputPaths = (
				"${PODS_PODFILE_DIR_PATH}/Podfile.lock",
				"${PODS_ROOT}/Manifest.lock",
			);
			name = "[CP] Check Pods Manifest.lock";
			outputFileListPaths = (
			);
			outputPaths = (
				"$(DERIVED_FILE_DIR)/Pods-Core Animation-checkManifestLockResult.txt",
			);
			runOnlyForDeploymentPostprocessing = 0;
			shellPath = /bin/sh;
			shellScript = "diff \"${PODS_PODFILE_DIR_PATH}/Podfile.lock\" \"${PODS_ROOT}/Manifest.lock\" > /dev/null\nif [ $? != 0 ] ; then\n    # print error to STDERR\n    echo \"error: The sandbox is not in sync with the Podfile.lock. Run 'pod install' or update your CocoaPods installation.\" >&2\n    exit 1\nfi\n# This output is used by Xcode 'outputs' to avoid re-running this script phase.\necho \"SUCCESS\" > \"${SCRIPT_OUTPUT_FILE_0}\"\n";
			showEnvVarsInLog = 0;
		};
/* End PBXShellScriptBuildPhase section */

/* Begin PBXSourcesBuildPhase section */
		5792622F289528AD005C69EE /* Sources */ = {
			isa = PBXSourcesBuildPhase;
			buildActionMask = 2147483647;
			files = (
				5792623B289528AD005C69EE /* CounterViewController.swift in Sources */,
				5701B6CC2896A1110045F1A4 /* RadialChartViewController.swift in Sources */,
				5701B6CA28957DB50045F1A4 /* LineChartViewController.swift in Sources */,
				57FEA3EA2899A34E001EE559 /* StretchBallViewController.swift in Sources */,
				576CB58A289937F1007E8DEE /* CanvasView.swift in Sources */,
				57926237289528AD005C69EE /* AppDelegate.swift in Sources */,
				5797507E2899154B0038E444 /* SparkParticlesViewController.swift in Sources */,
				5701B6D32896A2030045F1A4 /* Player.swift in Sources */,
				5701B6D9289704980045F1A4 /* CGRect CGPoint.swift in Sources */,
				57FEA3EC2899A6B6001EE559 /* File.swift in Sources */,
				57926239289528AD005C69EE /* SceneDelegate.swift in Sources */,
			);
			runOnlyForDeploymentPostprocessing = 0;
		};
/* End PBXSourcesBuildPhase section */

/* Begin PBXVariantGroup section */
		5792623C289528AD005C69EE /* Main.storyboard */ = {
			isa = PBXVariantGroup;
			children = (
				5792623D289528AD005C69EE /* Base */,
			);
			name = Main.storyboard;
			sourceTree = "<group>";
		};
		57926241289528AE005C69EE /* LaunchScreen.storyboard */ = {
			isa = PBXVariantGroup;
			children = (
				57926242289528AE005C69EE /* Base */,
			);
			name = LaunchScreen.storyboard;
			sourceTree = "<group>";
		};
/* End PBXVariantGroup section */

/* Begin XCBuildConfiguration section */
		57926245289528AE005C69EE /* Debug */ = {
			isa = XCBuildConfiguration;
			buildSettings = {
				ALWAYS_SEARCH_USER_PATHS = NO;
				CLANG_ANALYZER_NONNULL = YES;
				CLANG_ANALYZER_NUMBER_OBJECT_CONVERSION = YES_AGGRESSIVE;
				CLANG_CXX_LANGUAGE_STANDARD = "gnu++17";
				CLANG_ENABLE_MODULES = YES;
				CLANG_ENABLE_OBJC_ARC = YES;
				CLANG_ENABLE_OBJC_WEAK = YES;
				CLANG_WARN_BLOCK_CAPTURE_AUTORELEASING = YES;
				CLANG_WARN_BOOL_CONVERSION = YES;
				CLANG_WARN_COMMA = YES;
				CLANG_WARN_CONSTANT_CONVERSION = YES;
				CLANG_WARN_DEPRECATED_OBJC_IMPLEMENTATIONS = YES;
				CLANG_WARN_DIRECT_OBJC_ISA_USAGE = YES_ERROR;
				CLANG_WARN_DOCUMENTATION_COMMENTS = YES;
				CLANG_WARN_EMPTY_BODY = YES;
				CLANG_WARN_ENUM_CONVERSION = YES;
				CLANG_WARN_INFINITE_RECURSION = YES;
				CLANG_WARN_INT_CONVERSION = YES;
				CLANG_WARN_NON_LITERAL_NULL_CONVERSION = YES;
				CLANG_WARN_OBJC_IMPLICIT_RETAIN_SELF = YES;
				CLANG_WARN_OBJC_LITERAL_CONVERSION = YES;
				CLANG_WARN_OBJC_ROOT_CLASS = YES_ERROR;
				CLANG_WARN_QUOTED_INCLUDE_IN_FRAMEWORK_HEADER = YES;
				CLANG_WARN_RANGE_LOOP_ANALYSIS = YES;
				CLANG_WARN_STRICT_PROTOTYPES = YES;
				CLANG_WARN_SUSPICIOUS_MOVE = YES;
				CLANG_WARN_UNGUARDED_AVAILABILITY = YES_AGGRESSIVE;
				CLANG_WARN_UNREACHABLE_CODE = YES;
				CLANG_WARN__DUPLICATE_METHOD_MATCH = YES;
				COPY_PHASE_STRIP = NO;
				DEBUG_INFORMATION_FORMAT = dwarf;
				ENABLE_STRICT_OBJC_MSGSEND = YES;
				ENABLE_TESTABILITY = YES;
				GCC_C_LANGUAGE_STANDARD = gnu11;
				GCC_DYNAMIC_NO_PIC = NO;
				GCC_NO_COMMON_BLOCKS = YES;
				GCC_OPTIMIZATION_LEVEL = 0;
				GCC_PREPROCESSOR_DEFINITIONS = (
					"DEBUG=1",
					"$(inherited)",
				);
				GCC_WARN_64_TO_32_BIT_CONVERSION = YES;
				GCC_WARN_ABOUT_RETURN_TYPE = YES_ERROR;
				GCC_WARN_UNDECLARED_SELECTOR = YES;
				GCC_WARN_UNINITIALIZED_AUTOS = YES_AGGRESSIVE;
				GCC_WARN_UNUSED_FUNCTION = YES;
				GCC_WARN_UNUSED_VARIABLE = YES;
				IPHONEOS_DEPLOYMENT_TARGET = 15.5;
				MTL_ENABLE_DEBUG_INFO = INCLUDE_SOURCE;
				MTL_FAST_MATH = YES;
				ONLY_ACTIVE_ARCH = YES;
				SDKROOT = iphoneos;
				SWIFT_ACTIVE_COMPILATION_CONDITIONS = DEBUG;
				SWIFT_OPTIMIZATION_LEVEL = "-Onone";
			};
			name = Debug;
		};
		57926246289528AE005C69EE /* Release */ = {
			isa = XCBuildConfiguration;
			buildSettings = {
				ALWAYS_SEARCH_USER_PATHS = NO;
				CLANG_ANALYZER_NONNULL = YES;
				CLANG_ANALYZER_NUMBER_OBJECT_CONVERSION = YES_AGGRESSIVE;
				CLANG_CXX_LANGUAGE_STANDARD = "gnu++17";
				CLANG_ENABLE_MODULES = YES;
				CLANG_ENABLE_OBJC_ARC = YES;
				CLANG_ENABLE_OBJC_WEAK = YES;
				CLANG_WARN_BLOCK_CAPTURE_AUTORELEASING = YES;
				CLANG_WARN_BOOL_CONVERSION = YES;
				CLANG_WARN_COMMA = YES;
				CLANG_WARN_CONSTANT_CONVERSION = YES;
				CLANG_WARN_DEPRECATED_OBJC_IMPLEMENTATIONS = YES;
				CLANG_WARN_DIRECT_OBJC_ISA_USAGE = YES_ERROR;
				CLANG_WARN_DOCUMENTATION_COMMENTS = YES;
				CLANG_WARN_EMPTY_BODY = YES;
				CLANG_WARN_ENUM_CONVERSION = YES;
				CLANG_WARN_INFINITE_RECURSION = YES;
				CLANG_WARN_INT_CONVERSION = YES;
				CLANG_WARN_NON_LITERAL_NULL_CONVERSION = YES;
				CLANG_WARN_OBJC_IMPLICIT_RETAIN_SELF = YES;
				CLANG_WARN_OBJC_LITERAL_CONVERSION = YES;
				CLANG_WARN_OBJC_ROOT_CLASS = YES_ERROR;
				CLANG_WARN_QUOTED_INCLUDE_IN_FRAMEWORK_HEADER = YES;
				CLANG_WARN_RANGE_LOOP_ANALYSIS = YES;
				CLANG_WARN_STRICT_PROTOTYPES = YES;
				CLANG_WARN_SUSPICIOUS_MOVE = YES;
				CLANG_WARN_UNGUARDED_AVAILABILITY = YES_AGGRESSIVE;
				CLANG_WARN_UNREACHABLE_CODE = YES;
				CLANG_WARN__DUPLICATE_METHOD_MATCH = YES;
				COPY_PHASE_STRIP = NO;
				DEBUG_INFORMATION_FORMAT = "dwarf-with-dsym";
				ENABLE_NS_ASSERTIONS = NO;
				ENABLE_STRICT_OBJC_MSGSEND = YES;
				GCC_C_LANGUAGE_STANDARD = gnu11;
				GCC_NO_COMMON_BLOCKS = YES;
				GCC_WARN_64_TO_32_BIT_CONVERSION = YES;
				GCC_WARN_ABOUT_RETURN_TYPE = YES_ERROR;
				GCC_WARN_UNDECLARED_SELECTOR = YES;
				GCC_WARN_UNINITIALIZED_AUTOS = YES_AGGRESSIVE;
				GCC_WARN_UNUSED_FUNCTION = YES;
				GCC_WARN_UNUSED_VARIABLE = YES;
				IPHONEOS_DEPLOYMENT_TARGET = 15.5;
				MTL_ENABLE_DEBUG_INFO = NO;
				MTL_FAST_MATH = YES;
				SDKROOT = iphoneos;
				SWIFT_COMPILATION_MODE = wholemodule;
				SWIFT_OPTIMIZATION_LEVEL = "-O";
				VALIDATE_PRODUCT = YES;
			};
			name = Release;
		};
		57926248289528AE005C69EE /* Debug */ = {
			isa = XCBuildConfiguration;
			baseConfigurationReference = ACB3EE1E739B43F8B8B76523 /* Pods-Core Animation.debug.xcconfig */;
			buildSettings = {
				ASSETCATALOG_COMPILER_APPICON_NAME = AppIcon;
				ASSETCATALOG_COMPILER_GLOBAL_ACCENT_COLOR_NAME = AccentColor;
				CODE_SIGN_STYLE = Automatic;
				CURRENT_PROJECT_VERSION = 1;
				DEVELOPMENT_TEAM = P3BYVBK57Z;
				GENERATE_INFOPLIST_FILE = YES;
				INFOPLIST_FILE = "Core Animation/SupportingFiles/Info.plist";
				INFOPLIST_KEY_UIApplicationSupportsIndirectInputEvents = YES;
				INFOPLIST_KEY_UILaunchStoryboardName = LaunchScreen;
				INFOPLIST_KEY_UIMainStoryboardFile = Main;
				INFOPLIST_KEY_UISupportedInterfaceOrientations_iPad = "UIInterfaceOrientationPortrait UIInterfaceOrientationPortraitUpsideDown UIInterfaceOrientationLandscapeLeft UIInterfaceOrientationLandscapeRight";
				INFOPLIST_KEY_UISupportedInterfaceOrientations_iPhone = "UIInterfaceOrientationPortrait UIInterfaceOrientationLandscapeLeft UIInterfaceOrientationLandscapeRight";
				LD_RUNPATH_SEARCH_PATHS = (
					"$(inherited)",
					"@executable_path/Frameworks",
				);
				MARKETING_VERSION = 1.0;
				PRODUCT_BUNDLE_IDENTIFIER = "ios.biiak.Core-Animation";
				PRODUCT_NAME = "$(TARGET_NAME)";
				SWIFT_EMIT_LOC_STRINGS = YES;
				SWIFT_VERSION = 5.0;
				TARGETED_DEVICE_FAMILY = "1,2";
			};
			name = Debug;
		};
		57926249289528AE005C69EE /* Release */ = {
			isa = XCBuildConfiguration;
			baseConfigurationReference = 0B5CDCB59CCD44F297925F45 /* Pods-Core Animation.release.xcconfig */;
			buildSettings = {
				ASSETCATALOG_COMPILER_APPICON_NAME = AppIcon;
				ASSETCATALOG_COMPILER_GLOBAL_ACCENT_COLOR_NAME = AccentColor;
				CODE_SIGN_STYLE = Automatic;
				CURRENT_PROJECT_VERSION = 1;
				DEVELOPMENT_TEAM = P3BYVBK57Z;
				GENERATE_INFOPLIST_FILE = YES;
				INFOPLIST_FILE = "Core Animation/SupportingFiles/Info.plist";
				INFOPLIST_KEY_UIApplicationSupportsIndirectInputEvents = YES;
				INFOPLIST_KEY_UILaunchStoryboardName = LaunchScreen;
				INFOPLIST_KEY_UIMainStoryboardFile = Main;
				INFOPLIST_KEY_UISupportedInterfaceOrientations_iPad = "UIInterfaceOrientationPortrait UIInterfaceOrientationPortraitUpsideDown UIInterfaceOrientationLandscapeLeft UIInterfaceOrientationLandscapeRight";
				INFOPLIST_KEY_UISupportedInterfaceOrientations_iPhone = "UIInterfaceOrientationPortrait UIInterfaceOrientationLandscapeLeft UIInterfaceOrientationLandscapeRight";
				LD_RUNPATH_SEARCH_PATHS = (
					"$(inherited)",
					"@executable_path/Frameworks",
				);
				MARKETING_VERSION = 1.0;
				PRODUCT_BUNDLE_IDENTIFIER = "ios.biiak.Core-Animation";
				PRODUCT_NAME = "$(TARGET_NAME)";
				SWIFT_EMIT_LOC_STRINGS = YES;
				SWIFT_VERSION = 5.0;
				TARGETED_DEVICE_FAMILY = "1,2";
			};
			name = Release;
		};
/* End XCBuildConfiguration section */

/* Begin XCConfigurationList section */
		5792622E289528AD005C69EE /* Build configuration list for PBXProject "Core Animation" */ = {
			isa = XCConfigurationList;
			buildConfigurations = (
				57926245289528AE005C69EE /* Debug */,
				57926246289528AE005C69EE /* Release */,
			);
			defaultConfigurationIsVisible = 0;
			defaultConfigurationName = Release;
		};
		57926247289528AE005C69EE /* Build configuration list for PBXNativeTarget "Core Animation" */ = {
			isa = XCConfigurationList;
			buildConfigurations = (
				57926248289528AE005C69EE /* Debug */,
				57926249289528AE005C69EE /* Release */,
			);
			defaultConfigurationIsVisible = 0;
			defaultConfigurationName = Release;
		};
/* End XCConfigurationList section */
	};
	rootObject = 5792622B289528AD005C69EE /* Project object */;
}
